{
  "name": "@jasonsbarr/pratt-generator",
  "version": "0.2.4",
  "lockfileVersion": 2,
  "requires": true,
  "packages": {
    "": {
      "name": "@jasonsbarr/pratt-generator",
      "version": "0.2.4",
      "license": "MIT",
      "devDependencies": {
        "@jasonsbarr/lexer": "^0.2.0",
        "prettier": "^2.5.1"
      }
    },
    "node_modules/@jasonsbarr/lexer": {
      "version": "0.2.3",
      "resolved": "https://registry.npmjs.org/@jasonsbarr/lexer/-/lexer-0.2.3.tgz",
      "integrity": "sha512-qa3V+FQftMcTqyWTbCXqpIupzKQSiRGV3DCGwAPmOUi5a/QOabXvvn0M0hOdiGkPdWfhaNxCTheMpZRo5mp3GQ==",
      "dev": true
    },
    "node_modules/prettier": {
      "version": "2.6.2",
      "resolved": "https://registry.npmjs.org/prettier/-/prettier-2.6.2.tgz",
      "integrity": "sha512-PkUpF+qoXTqhOeWL9fu7As8LXsIUZ1WYaJiY/a7McAQzxjk82OF0tibkFXVCDImZtWxbvojFjerkiLb0/q8mew==",
      "dev": true,
      "bin": {
        "prettier": "bin-prettier.js"
      },
      "engines": {
        "node": ">=10.13.0"
      },
      "funding": {
        "url": "https://github.com/prettier/prettier?sponsor=1"
      }
    }
  },
  "dependencies": {
    "@jasonsbarr/lexer": {
      "version": "0.2.3",
      "resolved": "https://registry.npmjs.org/@jasonsbarr/lexer/-/lexer-0.2.3.tgz",
      "integrity": "sha512-qa3V+FQftMcTqyWTbCXqpIupzKQSiRGV3DCGwAPmOUi5a/QOabXvvn0M0hOdiGkPdWfhaNxCTheMpZRo5mp3GQ==",
      "dev": true
    },
    "prettier": {
      "version": "2.6.2",
      "resolved": "https://registry.npmjs.org/prettier/-/prettier-2.6.2.tgz",
      "integrity": "sha512-PkUpF+qoXTqhOeWL9fu7As8LXsIUZ1WYaJiY/a7McAQzxjk82OF0tibkFXVCDImZtWxbvojFjerkiLb0/q8mew==",
      "dev": true
    }
  }
}
